# THIS IS AN AUTOGENERATED FILE. DO NOT EDIT THIS FILE DIRECTLY.
# yarn lockfile v1


"@nestjs/axios@^0.0.3":
  version "0.0.3"
  resolved "https://registry.yarnpkg.com/@nestjs/axios/-/axios-0.0.3.tgz#f53ba265e15687b9acb036642ed5f29998695bd1"
  integrity sha512-Cc+D2S2uesthRpalmZEPdm5wF2N9ji4l9Wsb2vFaug/CVWg2BoegHm0L1jzFUL+6kS+mXWSFvwXJmofv+7bajw==
  dependencies:
    axios "0.23.0"

axios@0.23.0:
  version "0.23.0"
  resolved "https://registry.yarnpkg.com/axios/-/axios-0.23.0.tgz#b0fa5d0948a8d1d75e3d5635238b6c4625b05149"
  integrity sha512-NmvAE4i0YAv5cKq8zlDoPd1VLKAqX5oLuZKs8xkJa4qi6RGn0uhCYFjWtHHC9EM/MwOwYWOs53W+V0aqEXq1sg==
  dependencies:
    follow-redirects "^1.14.4"

follow-redirects@^1.14.4:
  version "1.14.6"
  resolved "https://registry.yarnpkg.com/follow-redirects/-/follow-redirects-1.14.6.tgz#8cfb281bbc035b3c067d6cd975b0f6ade6e855cd"
  integrity sha512-fhUl5EwSJbbl8AR+uYL2KQDxLkdSjZGR36xy46AO7cOMTrCMON6Sa28FmAnC2tRTDbd/Uuzz3aJBv7EBN7JH8A==
